
Microsoft Visual Studio Solution File, Format Version 12.00
# Visual Studio Version 16
VisualStudioVersion = 16.0.28803.352
MinimumVisualStudioVersion = 10.0.40219.1
Project("{FAE04EC0-301F-11D3-BF4B-00C04F79EFBC}") = "Purse", "Purse\Purse.csproj", "{BE89F4AA-110D-4A53-A3F2-2EBF4BC7D5C7}"
EndProject
Project("{FAE04EC0-301F-11D3-BF4B-00C04F79EFBC}") = "Money", "Money\Money.csproj", "{6B449345-2C53-4089-BDBC-03C0E9E3AD6E}"
EndProject
Project("{FAE04EC0-301F-11D3-BF4B-00C04F79EFBC}") = "BusinessCard", "BusinessCard\BusinessCard.csproj", "{794D34AF-4AF2-499F-97C9-0BF51530EFE4}"
EndProject
Global
	GlobalSection(SolutionConfigurationPlatforms) = preSolution
		Debug|Any CPU = Debug|Any CPU
		Release|Any CPU = Release|Any CPU
	EndGlobalSection
	GlobalSection(ProjectConfigurationPlatforms) = postSolution
		{BE89F4AA-110D-4A53-A3F2-2EBF4BC7D5C7}.Debug|Any CPU.ActiveCfg = Debug|Any CPU
		{BE89F4AA-110D-4A53-A3F2-2EBF4BC7D5C7}.Debug|Any CPU.Build.0 = Debug|Any CPU
		{BE89F4AA-110D-4A53-A3F2-2EBF4BC7D5C7}.Release|Any CPU.ActiveCfg = Release|Any CPU
		{BE89F4AA-110D-4A53-A3F2-2EBF4BC7D5C7}.Release|Any CPU.Build.0 = Release|Any CPU
		{6B449345-2C53-4089-BDBC-03C0E9E3AD6E}.Debug|Any CPU.ActiveCfg = Debug|Any CPU
		{6B449345-2C53-4089-BDBC-03C0E9E3AD6E}.Debug|Any CPU.Build.0 = Debug|Any CPU
		{6B449345-2C53-4089-BDBC-03C0E9E3AD6E}.Release|Any CPU.ActiveCfg = Release|Any CPU
		{6B449345-2C53-4089-BDBC-03C0E9E3AD6E}.Release|Any CPU.Build.0 = Release|Any CPU
		{794D34AF-4AF2-499F-97C9-0BF51530EFE4}.Debug|Any CPU.ActiveCfg = Debug|Any CPU
		{794D34AF-4AF2-499F-97C9-0BF51530EFE4}.Debug|Any CPU.Build.0 = Debug|Any CPU
		{794D34AF-4AF2-499F-97C9-0BF51530EFE4}.Release|Any CPU.ActiveCfg = Release|Any CPU
		{794D34AF-4AF2-499F-97C9-0BF51530EFE4}.Release|Any CPU.Build.0 = Release|Any CPU
	EndGlobalSection
	GlobalSection(SolutionProperties) = preSolution
		HideSolutionNode = FALSE
	EndGlobalSection
	GlobalSection(ExtensibilityGlobals) = postSolution
		SolutionGuid = {F6E351DF-2600-47C5-B867-10245D01CB45}
	EndGlobalSection
EndGlobal
